// !$*UTF8*$!
{
	archiveVersion = 1;
	classes = {
	};
	objectVersion = 46;
	objects = {

/* Begin PBXBuildFile section */
		DD9807D017A6322400195875 /* UIKit.framework in Frameworks */ = {isa = PBXBuildFile; fileRef = DD9807CF17A6322400195875 /* UIKit.framework */; };
		DD9807D217A6322400195875 /* Foundation.framework in Frameworks */ = {isa = PBXBuildFile; fileRef = DD9807D117A6322400195875 /* Foundation.framework */; };
		DD9807D417A6322400195875 /* CoreGraphics.framework in Frameworks */ = {isa = PBXBuildFile; fileRef = DD9807D317A6322400195875 /* CoreGraphics.framework */; };
		DD9807DA17A6322400195875 /* InfoPlist.strings in Resources */ = {isa = PBXBuildFile; fileRef = DD9807D817A6322400195875 /* InfoPlist.strings */; };
		DD9807DC17A6322400195875 /* main.m in Sources */ = {isa = PBXBuildFile; fileRef = DD9807DB17A6322400195875 /* main.m */; };
		DD9807E017A6322400195875 /* AppDelegate.m in Sources */ = {isa = PBXBuildFile; fileRef = DD9807DF17A6322400195875 /* AppDelegate.m */; };
		DD9807E217A6322400195875 /* Default.png in Resources */ = {isa = PBXBuildFile; fileRef = DD9807E117A6322400195875 /* Default.png */; };
		DD9807E417A6322400195875 /* Default@2x.png in Resources */ = {isa = PBXBuildFile; fileRef = DD9807E317A6322400195875 /* Default@2x.png */; };
		DD9807E617A6322400195875 /* Default-568h@2x.png in Resources */ = {isa = PBXBuildFile; fileRef = DD9807E517A6322400195875 /* Default-568h@2x.png */; };
		E843B79B53674C9D8FEF8E5C /* libPods.a in Frameworks */ = {isa = PBXBuildFile; fileRef = 480D70221FDA42FBB21CDB44 /* libPods.a */; };
/* End PBXBuildFile section */

/* Begin PBXFileReference section */
		468599FD7F3441EF8707D520 /* Pods.xcconfig */ = {isa = PBXFileReference; includeInIndex = 1; lastKnownFileType = text.xcconfig; name = Pods.xcconfig; path = Pods/Pods.xcconfig; sourceTree = SOURCE_ROOT; };
		480D70221FDA42FBB21CDB44 /* libPods.a */ = {isa = PBXFileReference; explicitFileType = archive.ar; includeInIndex = 0; path = libPods.a; sourceTree = BUILT_PRODUCTS_DIR; };
		DD9807CC17A6322400195875 /* Test.app */ = {isa = PBXFileReference; explicitFileType = wrapper.application; includeInIndex = 0; path = Test.app; sourceTree = BUILT_PRODUCTS_DIR; };
		DD9807CF17A6322400195875 /* UIKit.framework */ = {isa = PBXFileReference; lastKnownFileType = wrapper.framework; name = UIKit.framework; path = System/Library/Frameworks/UIKit.framework; sourceTree = SDKROOT; };
		DD9807D117A6322400195875 /* Foundation.framework */ = {isa = PBXFileReference; lastKnownFileType = wrapper.framework; name = Foundation.framework; path = System/Library/Frameworks/Foundation.framework; sourceTree = SDKROOT; };
		DD9807D317A6322400195875 /* CoreGraphics.framework */ = {isa = PBXFileReference; lastKnownFileType = wrapper.framework; name = CoreGraphics.framework; path = System/Library/Frameworks/CoreGraphics.framework; sourceTree = SDKROOT; };
		DD9807D717A6322400195875 /* Test-Info.plist */ = {isa = PBXFileReference; lastKnownFileType = text.plist.xml; path = "Test-Info.plist"; sourceTree = "<group>"; };
		DD9807D917A6322400195875 /* en */ = {isa = PBXFileReference; lastKnownFileType = text.plist.strings; name = en; path = en.lproj/InfoPlist.strings; sourceTree = "<group>"; };
		DD9807DB17A6322400195875 /* main.m */ = {isa = PBXFileReference; lastKnownFileType = sourcecode.c.objc; path = main.m; sourceTree = "<group>"; };
		DD9807DD17A6322400195875 /* Test-Prefix.pch */ = {isa = PBXFileReference; lastKnownFileType = sourcecode.c.h; path = "Test-Prefix.pch"; sourceTree = "<group>"; };
		DD9807DE17A6322400195875 /* AppDelegate.h */ = {isa = PBXFileReference; lastKnownFileType = sourcecode.c.h; path = AppDelegate.h; sourceTree = "<group>"; };
		DD9807DF17A6322400195875 /* AppDelegate.m */ = {isa = PBXFileReference; lastKnownFileType = sourcecode.c.objc; path = AppDelegate.m; sourceTree = "<group>"; };
		DD9807E117A6322400195875 /* Default.png */ = {isa = PBXFileReference; lastKnownFileType = image.png; path = Default.png; sourceTree = "<group>"; };
		DD9807E317A6322400195875 /* Default@2x.png */ = {isa = PBXFileReference; lastKnownFileType = image.png; path = "Default@2x.png"; sourceTree = "<group>"; };
		DD9807E517A6322400195875 /* Default-568h@2x.png */ = {isa = PBXFileReference; lastKnownFileType = image.png; path = "Default-568h@2x.png"; sourceTree = "<group>"; };
/* End PBXFileReference section */

/* Begin PBXFrameworksBuildPhase section */
		DD9807C917A6322400195875 /* Frameworks */ = {
			isa = PBXFrameworksBuildPhase;
			buildActionMask = 2147483647;
			files = (
				DD9807D017A6322400195875 /* UIKit.framework in Frameworks */,
				DD9807D217A6322400195875 /* Foundation.framework in Frameworks */,
				DD9807D417A6322400195875 /* CoreGraphics.framework in Frameworks */,
				E843B79B53674C9D8FEF8E5C /* libPods.a in Frameworks */,
			);
			runOnlyForDeploymentPostprocessing = 0;
		};
/* End PBXFrameworksBuildPhase section */

/* Begin PBXGroup section */
		DD9807C317A6322400195875 = {
			isa = PBXGroup;
			children = (
				DD9807D517A6322400195875 /* Test */,
				DD9807CE17A6322400195875 /* Frameworks */,
				DD9807CD17A6322400195875 /* Products */,
				468599FD7F3441EF8707D520 /* Pods.xcconfig */,
			);
			sourceTree = "<group>";
		};
		DD9807CD17A6322400195875 /* Products */ = {
			isa = PBXGroup;
			children = (
				DD9807CC17A6322400195875 /* Test.app */,
			);
			name = Products;
			sourceTree = "<group>";
		};
		DD9807CE17A6322400195875 /* Frameworks */ = {
			isa = PBXGroup;
			children = (
				DD9807CF17A6322400195875 /* UIKit.framework */,
				DD9807D117A6322400195875 /* Foundation.framework */,
				DD9807D317A6322400195875 /* CoreGraphics.framework */,
				480D70221FDA42FBB21CDB44 /* libPods.a */,
			);
			name = Frameworks;
			sourceTree = "<group>";
		};
		DD9807D517A6322400195875 /* Test */ = {
			isa = PBXGroup;
			children = (
				DD9807DE17A6322400195875 /* AppDelegate.h */,
				DD9807DF17A6322400195875 /* AppDelegate.m */,
				DD9807D617A6322400195875 /* Supporting Files */,
			);
			path = Test;
			sourceTree = "<group>";
		};
		DD9807D617A6322400195875 /* Supporting Files */ = {
			isa = PBXGroup;
			children = (
				DD9807D717A6322400195875 /* Test-Info.plist */,
				DD9807D817A6322400195875 /* InfoPlist.strings */,
				DD9807DB17A6322400195875 /* main.m */,
				DD9807DD17A6322400195875 /* Test-Prefix.pch */,
				DD9807E117A6322400195875 /* Default.png */,
				DD9807E317A6322400195875 /* Default@2x.png */,
				DD9807E517A6322400195875 /* Default-568h@2x.png */,
			);
			name = "Supporting Files";
			sourceTree = "<group>";
		};
/* End PBXGroup section */

/* Begin PBXNativeTarget section */
		DD9807CB17A6322400195875 /* Test */ = {
			isa = PBXNativeTarget;
			buildConfigurationList = DD9807E917A6322400195875 /* Build configuration list for PBXNativeTarget "Test" */;
			buildPhases = (
				46B542CD175D4852AED9CE3E /* Check Pods Manifest.lock */,
				DD9807C817A6322400195875 /* Sources */,
				DD9807C917A6322400195875 /* Frameworks */,
				DD9807CA17A6322400195875 /* Resources */,
				9F4A1DB273B94F0491948862 /* Copy Pods Resources */,
			);
			buildRules = (
			);
			dependencies = (
			);
			name = Test;
			productName = Test;
			productReference = DD9807CC17A6322400195875 /* Test.app */;
			productType = "com.apple.product-type.application";
		};
/* End PBXNativeTarget section */

/* Begin PBXProject section */
		DD9807C417A6322400195875 /* Project object */ = {
			isa = PBXProject;
			attributes = {
				LastUpgradeCheck = 0460;
				ORGANIZATIONNAME = "Zacks Tsang";
			};
			buildConfigurationList = DD9807C717A6322400195875 /* Build configuration list for PBXProject "Test" */;
			compatibilityVersion = "Xcode 3.2";
			developmentRegion = English;
			hasScannedForEncodings = 0;
			knownRegions = (
				en,
			);
			mainGroup = DD9807C317A6322400195875;
			productRefGroup = DD9807CD17A6322400195875 /* Products */;
			projectDirPath = "";
			projectRoot = "";
			targets = (
				DD9807CB17A6322400195875 /* Test */,
			);
		};
/* End PBXProject section */

/* Begin PBXResourcesBuildPhase section */
		DD9807CA17A6322400195875 /* Resources */ = {
			isa = PBXResourcesBuildPhase;
			buildActionMask = 2147483647;
			files = (
				DD9807DA17A6322400195875 /* InfoPlist.strings in Resources */,
				DD9807E217A6322400195875 /* Default.png in Resources */,
				DD9807E417A6322400195875 /* Default@2x.png in Resources */,
				DD9807E617A6322400195875 /* Default-568h@2x.png in Resources */,
			);
			runOnlyForDeploymentPostprocessing = 0;
		};
/* End PBXResourcesBuildPhase section */

/* Begin PBXShellScriptBuildPhase section */
		46B542CD175D4852AED9CE3E /* Check Pods Manifest.lock */ = {
			isa = PBXShellScriptBuildPhase;
			buildActionMask = 2147483647;
			files = (
			);
			inputPaths = (
			);
			name = "Check Pods Manifest.lock";
			outputPaths = (
			);
			runOnlyForDeploymentPostprocessing = 0;
			shellPath = /bin/sh;
			shellScript = "diff \"${PODS_ROOT}/../Podfile.lock\" \"${PODS_ROOT}/Manifest.lock\" > /dev/null\nif [[ $? != 0 ]] ; then\n    cat << EOM\nerror: The sandbox is not in sync with the Podfile.lock. Run 'pod install' or update your CocoaPods installation.\nEOM\n    exit 1\nfi\n";
			showEnvVarsInLog = 0;
		};
		9F4A1DB273B94F0491948862 /* Copy Pods Resources */ = {
			isa = PBXShellScriptBuildPhase;
			buildActionMask = 2147483647;
			files = (
			);
			inputPaths = (
			);
			name = "Copy Pods Resources";
			outputPaths = (
			);
			runOnlyForDeploymentPostprocessing = 0;
			shellPath = /bin/sh;
			shellScript = "\"${SRCROOT}/Pods/Pods-resources.sh\"\n";
			showEnvVarsInLog = 0;
		};
/* End PBXShellScriptBuildPhase section */

/* Begin PBXSourcesBuildPhase section */
		DD9807C817A6322400195875 /* Sources */ = {
			isa = PBXSourcesBuildPhase;
			buildActionMask = 2147483647;
			files = (
				DD9807DC17A6322400195875 /* main.m in Sources */,
				DD9807E017A6322400195875 /* AppDelegate.m in Sources */,
			);
			runOnlyForDeploymentPostprocessing = 0;
		};
/* End PBXSourcesBuildPhase section */

/* Begin PBXVariantGroup section */
		DD9807D817A6322400195875 /* InfoPlist.strings */ = {
			isa = PBXVariantGroup;
			children = (
				DD9807D917A6322400195875 /* en */,
			);
			name = InfoPlist.strings;
			sourceTree = "<group>";
		};
/* End PBXVariantGroup section */

/* Begin XCBuildConfiguration section */
		DD9807E717A6322400195875 /* Debug */ = {
			isa = XCBuildConfiguration;
			buildSettings = {
				ALWAYS_SEARCH_USER_PATHS = NO;
				CLANG_CXX_LANGUAGE_STANDARD = "gnu++0x";
				CLANG_CXX_LIBRARY = "libc++";
				CLANG_WARN_CONSTANT_CONVERSION = YES;
				CLANG_WARN_EMPTY_BODY = YES;
				CLANG_WARN_ENUM_CONVERSION = YES;
				CLANG_WARN_INT_CONVERSION = YES;
				CLANG_WARN__DUPLICATE_METHOD_MATCH = YES;
				"CODE_SIGN_IDENTITY[sdk=iphoneos*]" = "iPhone Developer";
				COPY_PHASE_STRIP = NO;
				GCC_C_LANGUAGE_STANDARD = gnu99;
				GCC_DYNAMIC_NO_PIC = NO;
				GCC_OPTIMIZATION_LEVEL = 0;
				GCC_PREPROCESSOR_DEFINITIONS = (
					"DEBUG=1",
					"$(inherited)",
				);
				GCC_SYMBOLS_PRIVATE_EXTERN = NO;
				GCC_WARN_ABOUT_RETURN_TYPE = YES;
				GCC_WARN_UNINITIALIZED_AUTOS = YES;
				GCC_WARN_UNUSED_VARIABLE = YES;
				IPHONEOS_DEPLOYMENT_TARGET = 6.1;
				ONLY_ACTIVE_ARCH = YES;
				SDKROOT = iphoneos;
			};
			name = Debug;
		};
		DD9807E817A6322400195875 /* Release */ = {
			isa = XCBuildConfiguration;
			buildSettings = {
				ALWAYS_SEARCH_USER_PATHS = NO;
				CLANG_CXX_LANGUAGE_STANDARD = "gnu++0x";
				CLANG_CXX_LIBRARY = "libc++";
				CLANG_WARN_CONSTANT_CONVERSION = YES;
				CLANG_WARN_EMPTY_BODY = YES;
				CLANG_WARN_ENUM_CONVERSION = YES;
				CLANG_WARN_INT_CONVERSION = YES;
				CLANG_WARN__DUPLICATE_METHOD_MATCH = YES;
				"CODE_SIGN_IDENTITY[sdk=iphoneos*]" = "iPhone Developer";
				COPY_PHASE_STRIP = YES;
				GCC_C_LANGUAGE_STANDARD = gnu99;
				GCC_WARN_ABOUT_RETURN_TYPE = YES;
				GCC_WARN_UNINITIALIZED_AUTOS = YES;
				GCC_WARN_UNUSED_VARIABLE = YES;
				IPHONEOS_DEPLOYMENT_TARGET = 6.1;
				OTHER_CFLAGS = "-DNS_BLOCK_ASSERTIONS=1";
				SDKROOT = iphoneos;
				VALIDATE_PRODUCT = YES;
			};
			name = Release;
		};
		DD9807EA17A6322400195875 /* Debug */ = {
			isa = XCBuildConfiguration;
			baseConfigurationReference = 468599FD7F3441EF8707D520 /* Pods.xcconfig */;
			buildSettings = {
				CLANG_ENABLE_OBJC_ARC = YES;
				GCC_PRECOMPILE_PREFIX_HEADER = YES;
				GCC_PREFIX_HEADER = "Test/Test-Prefix.pch";
				INFOPLIST_FILE = "Test/Test-Info.plist";
				PRODUCT_NAME = "$(TARGET_NAME)";
				WRAPPER_EXTENSION = app;
			};
			name = Debug;
		};
		DD9807EB17A6322400195875 /* Release */ = {
			isa = XCBuildConfiguration;
			baseConfigurationReference = 468599FD7F3441EF8707D520 /* Pods.xcconfig */;
			buildSettings = {
				CLANG_ENABLE_OBJC_ARC = YES;
				GCC_PRECOMPILE_PREFIX_HEADER = YES;
				GCC_PREFIX_HEADER = "Test/Test-Prefix.pch";
				INFOPLIST_FILE = "Test/Test-Info.plist";
				PRODUCT_NAME = "$(TARGET_NAME)";
				WRAPPER_EXTENSION = app;
			};
			name = Release;
		};
/* End XCBuildConfiguration section */

/* Begin XCConfigurationList section */
		DD9807C717A6322400195875 /* Build configuration list for PBXProject "Test" */ = {
			isa = XCConfigurationList;
			buildConfigurations = (
				DD9807E717A6322400195875 /* Debug */,
				DD9807E817A6322400195875 /* Release */,
			);
			defaultConfigurationIsVisible = 0;
			defaultConfigurationName = Release;
		};
		DD9807E917A6322400195875 /* Build configuration list for PBXNativeTarget "Test" */ = {
			isa = XCConfigurationList;
			buildConfigurations = (
				DD9807EA17A6322400195875 /* Debug */,
				DD9807EB17A6322400195875 /* Release */,
			);
			defaultConfigurationIsVisible = 0;
			defaultConfigurationName = Release;
		};
/* End XCConfigurationList section */
	};
	rootObject = DD9807C417A6322400195875 /* Project object */;
}
